
Microsoft Visual Studio Solution File, Format Version 12.00
# Visual Studio Version 17
VisualStudioVersion = 17.3.32929.385
MinimumVisualStudioVersion = 10.0.40219.1
Project("{FAE04EC0-301F-11D3-BF4B-00C04F79EFBC}") = "csgorselprogramlama", "csgorselprogramlama\csgorselprogramlama.csproj", "{226A65A9-F793-4377-A9F3-FBE1B24B5D4A}"
EndProject
Global
	GlobalSection(SolutionConfigurationPlatforms) = preSolution
		Debug|Any CPU = Debug|Any CPU
		Release|Any CPU = Release|Any CPU
	EndGlobalSection
	GlobalSection(ProjectConfigurationPlatforms) = postSolution
		{226A65A9-F793-4377-A9F3-FBE1B24B5D4A}.Debug|Any CPU.ActiveCfg = Debug|Any CPU
		{226A65A9-F793-4377-A9F3-FBE1B24B5D4A}.Debug|Any CPU.Build.0 = Debug|Any CPU
		{226A65A9-F793-4377-A9F3-FBE1B24B5D4A}.Release|Any CPU.ActiveCfg = Release|Any CPU
		{226A65A9-F793-4377-A9F3-FBE1B24B5D4A}.Release|Any CPU.Build.0 = Release|Any CPU
	EndGlobalSection
	GlobalSection(SolutionProperties) = preSolution
		HideSolutionNode = FALSE
	EndGlobalSection
	GlobalSection(ExtensibilityGlobals) = postSolution
		SolutionGuid = {5BEA3DBE-A9FC-4DC2-A90F-3187E04DFE46}
	EndGlobalSection
EndGlobal
